{
  "version": "5",
  "specifiers": {
    "jsr:@cliffy/command@1.0.0-rc.7": "1.0.0-rc.7",
    "jsr:@cliffy/flags@1.0.0-rc.7": "1.0.0-rc.7",
    "jsr:@cliffy/internal@1.0.0-rc.7": "1.0.0-rc.7",
    "jsr:@cliffy/table@1.0.0-rc.7": "1.0.0-rc.7",
    "jsr:@std/assert@1": "1.0.13",
    "jsr:@std/fmt@~1.0.2": "1.0.8",
    "jsr:@std/path@1": "1.0.9",
    "jsr:@std/text@~1.0.7": "1.0.13",
    "npm:@esfx/async-semaphore@1.0.0": "1.0.0",
    "npm:@types/node@*": "22.15.15"
  },
  "jsr": {
    "@cliffy/command@1.0.0-rc.7": {
      "integrity": "1288808d7a3cd18b86c24c2f920e47a6d954b7e23cadc35c8cbd78f8be41f0cd",
      "dependencies": [
        "jsr:@cliffy/flags",
        "jsr:@cliffy/internal",
        "jsr:@cliffy/table",
        "jsr:@std/fmt",
        "jsr:@std/text"
      ]
    },
    "@cliffy/flags@1.0.0-rc.7": {
      "integrity": "318d9be98f6a6417b108e03dec427dea96cdd41a15beb21d2554ae6da450a781",
      "dependencies": [
        "jsr:@std/text"
      ]
    },
    "@cliffy/internal@1.0.0-rc.7": {
      "integrity": "10412636ab3e67517d448be9eaab1b70c88eba9be22617b5d146257a11cc9b17"
    },
    "@cliffy/table@1.0.0-rc.7": {
      "integrity": "9fdd9776eda28a0b397981c400eeb1aa36da2371b43eefe12e6ff555290e3180",
      "dependencies": [
        "jsr:@std/fmt"
      ]
    },
    "@std/assert@1.0.13": {
      "integrity": "ae0d31e41919b12c656c742b22522c32fb26ed0cba32975cb0de2a273cb68b29"
    },
    "@std/fmt@1.0.8": {
      "integrity": "71e1fc498787e4434d213647a6e43e794af4fd393ef8f52062246e06f7e372b7"
    },
    "@std/path@1.0.9": {
      "integrity": "260a49f11edd3db93dd38350bf9cd1b4d1366afa98e81b86167b4e3dd750129e"
    },
    "@std/text@1.0.13": {
      "integrity": "2191c90e6e667b0c3b7dea1cd082137580a93b3c136bad597c0212d5fe006eb1"
    },
    "@zip-js/zip-js@2.7.62": {
      "integrity": "11cbe0746fa1e52e6e0a601c89ba97365f16e38a07f139b9d9914f988aec9081"
    }
  },
  "npm": {
    "@esfx/async-semaphore@1.0.0": {
      "integrity": "sha512-tXSSGs1xUaB45B4W82cVNnQTlASP3N+94D/oF6+ACA0ILAJK/wbmoSYT0M+DRGSf1vVZHqMNDtFhytABXHbHHw==",
      "dependencies": [
        "@esfx/async-waitqueue",
        "@esfx/cancelable"
      ]
    },
    "@esfx/async-waitqueue@1.0.0": {
      "integrity": "sha512-LrPP501g1hhEq5wlW59A7WHl/43JQvm19HYhAMVUB7YoS+UQVHY/Rg9nEnyFhverTU24tXOWXlPKp0arju5B8Q==",
      "dependencies": [
        "@esfx/cancelable"
      ]
    },
    "@esfx/cancelable@1.0.0": {
      "integrity": "sha512-2dry/TuOT9ydpw86f396v09cyi/gLeGPIZSH4Gx+V/qKQaS/OXCRurCY+Cn8zkBfTAgFsjk9NE15d+LPo2kt9A==",
      "dependencies": [
        "@esfx/disposable"
      ]
    },
    "@esfx/disposable@1.0.0": {
      "integrity": "sha512-hu7EI+YxlEWEKrb2himbS13HNaq5mlUePASf99KeQqkiNeqiAZbKqG4w59uDcLZs8JrV3qJqS/NYib5ZMhbfTQ=="
    },
    "@types/node@22.15.15": {
      "integrity": "sha512-R5muMcZob3/Jjchn5LcO8jdKwSCbzqmPB6ruBxMcf9kbxtniZHP327s6C37iOfuw8mbKK3cAQa7sEl7afLrQ8A==",
      "dependencies": [
        "undici-types"
      ]
    },
    "undici-types@6.21.0": {
      "integrity": "sha512-iwDZqg0QAGrg9Rav5H4n0M64c3mkR59cJ6wQp+7C4nI0gsmExaedaYLNO44eT4AtBBwjbTiGPMlt2Md0T9H9JQ=="
    }
  }
}
